
Microsoft Visual Studio Solution File, Format Version 12.00
# Visual Studio Version 17
VisualStudioVersion = 17.7.34202.233
MinimumVisualStudioVersion = 10.0.40219.1
Project("{FAE04EC0-301F-11D3-BF4B-00C04F79EFBC}") = "WinAppProyectoG1", "WinAppProyectoG1\WinAppProyectoG1.csproj", "{55DB3C12-989C-40F4-A26D-2FBC6F862E30}"
EndProject
Global
	GlobalSection(SolutionConfigurationPlatforms) = preSolution
		Debug|Any CPU = Debug|Any CPU
		Release|Any CPU = Release|Any CPU
	EndGlobalSection
	GlobalSection(ProjectConfigurationPlatforms) = postSolution
		{55DB3C12-989C-40F4-A26D-2FBC6F862E30}.Debug|Any CPU.ActiveCfg = Debug|Any CPU
		{55DB3C12-989C-40F4-A26D-2FBC6F862E30}.Debug|Any CPU.Build.0 = Debug|Any CPU
		{55DB3C12-989C-40F4-A26D-2FBC6F862E30}.Release|Any CPU.ActiveCfg = Release|Any CPU
		{55DB3C12-989C-40F4-A26D-2FBC6F862E30}.Release|Any CPU.Build.0 = Release|Any CPU
	EndGlobalSection
	GlobalSection(SolutionProperties) = preSolution
		HideSolutionNode = FALSE
	EndGlobalSection
	GlobalSection(ExtensibilityGlobals) = postSolution
		SolutionGuid = {0E052BDD-F27A-4C69-BB8F-46C126036457}
	EndGlobalSection
EndGlobal
